
Microsoft Visual Studio Solution File, Format Version 12.00
# Visual Studio Version 16
VisualStudioVersion = 16.0.28315.86
MinimumVisualStudioVersion = 10.0.40219.1
Project("{9A19103F-16F7-4668-BE54-9A1E7A4F7556}") = "Core", "lib\Core.csproj", "{CC19E90A-C932-4A87-AB3D-8ED9CA005DFC}"
EndProject
Global
	GlobalSection(SolutionConfigurationPlatforms) = preSolution
		Debug|Any CPU = Debug|Any CPU
		Release|Any CPU = Release|Any CPU
	EndGlobalSection
	GlobalSection(ProjectConfigurationPlatforms) = postSolution
		{CC19E90A-C932-4A87-AB3D-8ED9CA005DFC}.Debug|Any CPU.ActiveCfg = Debug|Any CPU
		{CC19E90A-C932-4A87-AB3D-8ED9CA005DFC}.Debug|Any CPU.Build.0 = Debug|Any CPU
		{CC19E90A-C932-4A87-AB3D-8ED9CA005DFC}.Release|Any CPU.ActiveCfg = Release|Any CPU
		{CC19E90A-C932-4A87-AB3D-8ED9CA005DFC}.Release|Any CPU.Build.0 = Release|Any CPU
	EndGlobalSection
	GlobalSection(SolutionProperties) = preSolution
		HideSolutionNode = FALSE
	EndGlobalSection
	GlobalSection(ExtensibilityGlobals) = postSolution
		SolutionGuid = {D587BA7E-958C-42EC-AA6F-7FE62A963911}
	EndGlobalSection
EndGlobal
